{
  "name": "@apidevelopers/api-gateway-managed",
  "version": "0.7.0",
  "lockfileVersion": 3,
  "requires": true,
  "packages": {
    "": {
      "name": "@apidevelopers/api-gateway-managed",
      "version": "0.7.0",
      "dependencies": {
        "@apidevelopers/apikey-core": "file:vendor/apikey-core",
        "@apidevelopers/auth-core": "file:vendor/auth-core",
        "@apidevelopers/contracts": "file:vendor/contracts",
        "@apidevelopers/persistence-core": "file:vendor/persistence-core",
        "@apidevelopers/saas-runtime": "file:vendor/saas-runtime"
      },
      "engines": {
        "node": ">=22"
      }
    },
    "node_modules/@apidevelopers/apikey-core": {
      "resolved": "vendor/apikey-core",
      "link": true
    },
    "node_modules/@apidevelopers/auth-core": {
      "resolved": "vendor/auth-core",
      "link": true
    },
    "node_modules/@apidevelopers/contracts": {
      "resolved": "vendor/contracts",
      "link": true
    },
    "node_modules/@apidevelopers/persistence-core": {
      "resolved": "vendor/persistence-core",
      "link": true
    },
    "node_modules/@apidevelopers/saas-runtime": {
      "resolved": "vendor/saas-runtime",
      "link": true
    },
    "vendor/apikey-core": {
      "name": "@apidevelopers/apikey-core",
      "version": "0.2.0",
      "dependencies": {
        "@apidevelopers/persistence-core": "file:../persistence-core"
      },
      "engines": {
        "node": ">=22"
      }
    },
    "vendor/auth-core": {
      "name": "@apidevelopers/auth-core",
      "version": "0.2.0",
      "dependencies": {
        "@apidevelopers/apikey-core": "file:../apikey-core"
      },
      "engines": {
        "node": ">=22"
      }
    },
    "vendor/contracts": {
      "name": "@apidevelopers/contracts",
      "version": "0.2.0",
      "engines": {
        "node": ">=22"
      }
    },
    "vendor/persistence-core": {
      "name": "@apidevelopers/persistence-core",
      "version": "0.4.0",
      "engines": {
        "node": ">=22"
      }
    },
    "vendor/saas-runtime": {
      "name": "@apidevelopers/saas-runtime",
      "version": "0.1.0",
      "engines": {
        "node": ">=22"
      }
    }
  }
}
