{
  "name": "@apidevelopers/api-gateway-managed",
  "version": "0.8.0",
  "lockfileVersion": 3,
  "requires": true,
  "packages": {
    "": {
      "name": "@apidevelopers/api-gateway-managed",
      "version": "0.8.0",
      "dependencies": {
        "@apidevelopers/apikey-core": "file:vendor/apikey-core",
        "@apidevelopers/auth-core": "file:vendor/auth-core",
        "@apidevelopers/contracts": "file:vendor/contracts",
        "@apidevelopers/kernel-audit": "file:vendor/kernel-audit",
        "@apidevelopers/kernel-decision": "file:vendor/kernel-decision",
        "@apidevelopers/kernel-evidence": "file:vendor/kernel-evidence",
        "@apidevelopers/kernel-planning": "file:vendor/kernel-planning",
        "@apidevelopers/kernel-policy": "file:vendor/kernel-policy",
        "@apidevelopers/kernel-runtime": "file:vendor/kernel-runtime",
        "@apidevelopers/persistence-core": "file:vendor/persistence-core",
        "@apidevelopers/saas-runtime": "file:vendor/saas-runtime",
        "@apidevelopers/trust-governance-runtime": "file:vendor/trust-governance-runtime"
      },
      "engines": {
        "node": ">=22"
      }
    },
    "node_modules/@apidevelopers/apikey-core": {
      "resolved": "vendor/apikey-core",
      "link": true
    },
    "node_modules/@apidevelopers/auth-core": {
      "resolved": "vendor/auth-core",
      "link": true
    },
    "node_modules/@apidevelopers/contracts": {
      "resolved": "vendor/contracts",
      "link": true
    },
    "node_modules/@apidevelopers/kernel-audit": {
      "resolved": "vendor/kernel-audit",
      "link": true
    },
    "node_modules/@apidevelopers/kernel-decision": {
      "resolved": "vendor/kernel-decision",
      "link": true
    },
    "node_modules/@apidevelopers/kernel-evidence": {
      "resolved": "vendor/kernel-evidence",
      "link": true
    },
    "node_modules/@apidevelopers/kernel-planning": {
      "resolved": "vendor/kernel-planning",
      "link": true
    },
    "node_modules/@apidevelopers/kernel-policy": {
      "resolved": "vendor/kernel-policy",
      "link": true
    },
    "node_modules/@apidevelopers/kernel-runtime": {
      "resolved": "vendor/kernel-runtime",
      "link": true
    },
    "node_modules/@apidevelopers/persistence-core": {
      "resolved": "vendor/persistence-core",
      "link": true
    },
    "node_modules/@apidevelopers/saas-runtime": {
      "resolved": "vendor/saas-runtime",
      "link": true
    },
    "node_modules/@apidevelopers/trust-governance-runtime": {
      "resolved": "vendor/trust-governance-runtime",
      "link": true
    },
    "vendor/apikey-core": {
      "name": "@apidevelopers/apikey-core",
      "version": "0.2.0",
      "dependencies": {
        "@apidevelopers/persistence-core": "file:../persistence-core"
      },
      "engines": {
        "node": ">=22"
      }
    },
    "vendor/auth-core": {
      "name": "@apidevelopers/auth-core",
      "version": "0.2.0",
      "dependencies": {
        "@apidevelopers/apikey-core": "file:../apikey-core"
      },
      "engines": {
        "node": ">=22"
      }
    },
    "vendor/contracts": {
      "name": "@apidevelopers/contracts",
      "version": "0.2.0",
      "engines": {
        "node": ">=22"
      }
    },
    "vendor/kernel-audit": {
      "name": "@apidevelopers/kernel-audit",
      "version": "0.2.0",
      "dependencies": {
        "@apidevelopers/contracts": "file:../contracts",
        "@apidevelopers/kernel-evidence": "file:../kernel-evidence"
      },
      "engines": {
        "node": ">=22"
      }
    },
    "vendor/kernel-decision": {
      "name": "@apidevelopers/kernel-decision",
      "version": "0.2.0",
      "dependencies": {
        "@apidevelopers/contracts": "file:../contracts"
      },
      "engines": {
        "node": ">=22"
      }
    },
    "vendor/kernel-evidence": {
      "name": "@apidevelopers/kernel-evidence",
      "version": "0.2.0",
      "dependencies": {
        "@apidevelopers/contracts": "file:../contracts"
      },
      "engines": {
        "node": ">=22"
      }
    },
    "vendor/kernel-planning": {
      "name": "@apidevelopers/kernel-planning",
      "version": "0.2.0",
      "dependencies": {
        "@apidevelopers/contracts": "file:../contracts"
      },
      "engines": {
        "node": ">=22"
      }
    },
    "vendor/kernel-policy": {
      "name": "@apidevelopers/kernel-policy",
      "version": "0.2.0",
      "dependencies": {
        "@apidevelopers/contracts": "file:../contracts"
      },
      "engines": {
        "node": ">=22"
      }
    },
    "vendor/kernel-runtime": {
      "name": "@apidevelopers/kernel-runtime",
      "version": "0.2.0",
      "dependencies": {
        "@apidevelopers/contracts": "file:../contracts"
      },
      "engines": {
        "node": ">=22"
      }
    },
    "vendor/persistence-core": {
      "name": "@apidevelopers/persistence-core",
      "version": "0.4.0",
      "engines": {
        "node": ">=22"
      }
    },
    "vendor/saas-runtime": {
      "name": "@apidevelopers/saas-runtime",
      "version": "0.1.0",
      "engines": {
        "node": ">=22"
      }
    },
    "vendor/trust-governance-runtime": {
      "name": "@apidevelopers/trust-governance-runtime",
      "version": "0.1.0",
      "dependencies": {
        "@apidevelopers/contracts": "file:../contracts",
        "@apidevelopers/kernel-audit": "file:../kernel-audit",
        "@apidevelopers/kernel-decision": "file:../kernel-decision",
        "@apidevelopers/kernel-evidence": "file:../kernel-evidence",
        "@apidevelopers/kernel-planning": "file:../kernel-planning",
        "@apidevelopers/kernel-policy": "file:../kernel-policy",
        "@apidevelopers/kernel-runtime": "file:../kernel-runtime"
      },
      "engines": {
        "node": ">=22"
      }
    }
  }
}
