{
  "name": "@apidevelopers/site-factory",
  "version": "0.1.0",
  "lockfileVersion": 3,
  "requires": true,
  "packages": {
    "": {
      "name": "@apidevelopers/site-factory",
      "version": "0.1.0",
      "dependencies": {
        "@apidevelopers/hostinger-adapter": "file:../../packages/hostinger-adapter",
        "@apidevelopers/wordpress-adapter": "file:../../packages/wordpress-adapter"
      },
      "engines": {
        "node": ">=22"
      }
    },
    "../../packages/hostinger-adapter": {
      "name": "@apidevelopers/hostinger-adapter",
      "version": "0.1.0",
      "engines": {
        "node": ">=22"
      }
    },
    "../../packages/wordpress-adapter": {
      "name": "@apidevelopers/wordpress-adapter",
      "version": "0.1.0",
      "engines": {
        "node": ">=22"
      }
    },
    "node_modules/@apidevelopers/hostinger-adapter": {
      "resolved": "../../packages/hostinger-adapter",
      "link": true
    },
    "node_modules/@apidevelopers/wordpress-adapter": {
      "resolved": "../../packages/wordpress-adapter",
      "link": true
    }
  }
}
